// !$*UTF8*$!
{
	archiveVersion = 1;
	classes = {
	};
	objectVersion = 50;
	objects = {

/* Begin PBXBuildFile section */
		CA8BAA1B2289FE4E008043EF /* AppDelegate.swift in Sources */ = {isa = PBXBuildFile; fileRef = CA8BAA1A2289FE4E008043EF /* AppDelegate.swift */; };
		CA8BAA202289FE4E008043EF /* Main.storyboard in Resources */ = {isa = PBXBuildFile; fileRef = CA8BAA1E2289FE4E008043EF /* Main.storyboard */; };
		CA8BAA222289FE4F008043EF /* Assets.xcassets in Resources */ = {isa = PBXBuildFile; fileRef = CA8BAA212289FE4F008043EF /* Assets.xcassets */; };
		CA8BAA252289FE4F008043EF /* LaunchScreen.storyboard in Resources */ = {isa = PBXBuildFile; fileRef = CA8BAA232289FE4F008043EF /* LaunchScreen.storyboard */; };
		CA8BAA2E2289FF60008043EF /* Post.swift in Sources */ = {isa = PBXBuildFile; fileRef = CA8BAA2D2289FF60008043EF /* Post.swift */; };
		CA8BAA302289FFE3008043EF /* PostController.swift in Sources */ = {isa = PBXBuildFile; fileRef = CA8BAA2F2289FFE3008043EF /* PostController.swift */; };
		CA8BAA34228A08EE008043EF /* PostsTableViewController.swift in Sources */ = {isa = PBXBuildFile; fileRef = CA8BAA33228A08EE008043EF /* PostsTableViewController.swift */; };
		CA8BAA37228A11D3008043EF /* DateFormatter.swift in Sources */ = {isa = PBXBuildFile; fileRef = CA8BAA36228A11D3008043EF /* DateFormatter.swift */; };
/* End PBXBuildFile section */

/* Begin PBXFileReference section */
		CA8BAA172289FE4E008043EF /* Post.app */ = {isa = PBXFileReference; explicitFileType = wrapper.application; includeInIndex = 0; path = Post.app; sourceTree = BUILT_PRODUCTS_DIR; };
		CA8BAA1A2289FE4E008043EF /* AppDelegate.swift */ = {isa = PBXFileReference; lastKnownFileType = sourcecode.swift; path = AppDelegate.swift; sourceTree = "<group>"; };
		CA8BAA1F2289FE4E008043EF /* Base */ = {isa = PBXFileReference; lastKnownFileType = file.storyboard; name = Base; path = Base.lproj/Main.storyboard; sourceTree = "<group>"; };
		CA8BAA212289FE4F008043EF /* Assets.xcassets */ = {isa = PBXFileReference; lastKnownFileType = folder.assetcatalog; path = Assets.xcassets; sourceTree = "<group>"; };
		CA8BAA242289FE4F008043EF /* Base */ = {isa = PBXFileReference; lastKnownFileType = file.storyboard; name = Base; path = Base.lproj/LaunchScreen.storyboard; sourceTree = "<group>"; };
		CA8BAA262289FE4F008043EF /* Info.plist */ = {isa = PBXFileReference; lastKnownFileType = text.plist.xml; path = Info.plist; sourceTree = "<group>"; };
		CA8BAA2D2289FF60008043EF /* Post.swift */ = {isa = PBXFileReference; lastKnownFileType = sourcecode.swift; path = Post.swift; sourceTree = "<group>"; };
		CA8BAA2F2289FFE3008043EF /* PostController.swift */ = {isa = PBXFileReference; lastKnownFileType = sourcecode.swift; path = PostController.swift; sourceTree = "<group>"; };
		CA8BAA33228A08EE008043EF /* PostsTableViewController.swift */ = {isa = PBXFileReference; lastKnownFileType = sourcecode.swift; path = PostsTableViewController.swift; sourceTree = "<group>"; };
		CA8BAA36228A11D3008043EF /* DateFormatter.swift */ = {isa = PBXFileReference; lastKnownFileType = sourcecode.swift; path = DateFormatter.swift; sourceTree = "<group>"; };
/* End PBXFileReference section */

/* Begin PBXFrameworksBuildPhase section */
		CA8BAA142289FE4E008043EF /* Frameworks */ = {
			isa = PBXFrameworksBuildPhase;
			buildActionMask = 2147483647;
			files = (
			);
			runOnlyForDeploymentPostprocessing = 0;
		};
/* End PBXFrameworksBuildPhase section */

/* Begin PBXGroup section */
		CA8BAA0E2289FE4E008043EF = {
			isa = PBXGroup;
			children = (
				CA8BAA192289FE4E008043EF /* Post */,
				CA8BAA182289FE4E008043EF /* Products */,
			);
			sourceTree = "<group>";
		};
		CA8BAA182289FE4E008043EF /* Products */ = {
			isa = PBXGroup;
			children = (
				CA8BAA172289FE4E008043EF /* Post.app */,
			);
			name = Products;
			sourceTree = "<group>";
		};
		CA8BAA192289FE4E008043EF /* Post */ = {
			isa = PBXGroup;
			children = (
				CA8BAA1E2289FE4E008043EF /* Main.storyboard */,
				CA8BAA35228A08F7008043EF /* View Controller */,
				CA8BAA31228A0004008043EF /* Model */,
				CA8BAA32228A000B008043EF /* Model Controller */,
				CA8BAA2C2289FF2C008043EF /* Resources */,
			);
			path = Post;
			sourceTree = "<group>";
		};
		CA8BAA2C2289FF2C008043EF /* Resources */ = {
			isa = PBXGroup;
			children = (
				CA8BAA1A2289FE4E008043EF /* AppDelegate.swift */,
				CA8BAA212289FE4F008043EF /* Assets.xcassets */,
				CA8BAA232289FE4F008043EF /* LaunchScreen.storyboard */,
				CA8BAA262289FE4F008043EF /* Info.plist */,
			);
			path = Resources;
			sourceTree = "<group>";
		};
		CA8BAA31228A0004008043EF /* Model */ = {
			isa = PBXGroup;
			children = (
				CA8BAA2D2289FF60008043EF /* Post.swift */,
			);
			path = Model;
			sourceTree = "<group>";
		};
		CA8BAA32228A000B008043EF /* Model Controller */ = {
			isa = PBXGroup;
			children = (
				CA8BAA2F2289FFE3008043EF /* PostController.swift */,
				CA8BAA36228A11D3008043EF /* DateFormatter.swift */,
			);
			path = "Model Controller";
			sourceTree = "<group>";
		};
		CA8BAA35228A08F7008043EF /* View Controller */ = {
			isa = PBXGroup;
			children = (
				CA8BAA33228A08EE008043EF /* PostsTableViewController.swift */,
			);
			path = "View Controller";
			sourceTree = "<group>";
		};
/* End PBXGroup section */

/* Begin PBXNativeTarget section */
		CA8BAA162289FE4E008043EF /* Post */ = {
			isa = PBXNativeTarget;
			buildConfigurationList = CA8BAA292289FE4F008043EF /* Build configuration list for PBXNativeTarget "Post" */;
			buildPhases = (
				CA8BAA132289FE4E008043EF /* Sources */,
				CA8BAA142289FE4E008043EF /* Frameworks */,
				CA8BAA152289FE4E008043EF /* Resources */,
			);
			buildRules = (
			);
			dependencies = (
			);
			name = Post;
			productName = Post;
			productReference = CA8BAA172289FE4E008043EF /* Post.app */;
			productType = "com.apple.product-type.application";
		};
/* End PBXNativeTarget section */

/* Begin PBXProject section */
		CA8BAA0F2289FE4E008043EF /* Project object */ = {
			isa = PBXProject;
			attributes = {
				LastSwiftUpdateCheck = 1020;
				LastUpgradeCheck = 1020;
				ORGANIZATIONNAME = "Rabbit Hole Fashion";
				TargetAttributes = {
					CA8BAA162289FE4E008043EF = {
						CreatedOnToolsVersion = 10.2.1;
					};
				};
			};
			buildConfigurationList = CA8BAA122289FE4E008043EF /* Build configuration list for PBXProject "Post" */;
			compatibilityVersion = "Xcode 9.3";
			developmentRegion = en;
			hasScannedForEncodings = 0;
			knownRegions = (
				en,
				Base,
			);
			mainGroup = CA8BAA0E2289FE4E008043EF;
			productRefGroup = CA8BAA182289FE4E008043EF /* Products */;
			projectDirPath = "";
			projectRoot = "";
			targets = (
				CA8BAA162289FE4E008043EF /* Post */,
			);
		};
/* End PBXProject section */

/* Begin PBXResourcesBuildPhase section */
		CA8BAA152289FE4E008043EF /* Resources */ = {
			isa = PBXResourcesBuildPhase;
			buildActionMask = 2147483647;
			files = (
				CA8BAA252289FE4F008043EF /* LaunchScreen.storyboard in Resources */,
				CA8BAA222289FE4F008043EF /* Assets.xcassets in Resources */,
				CA8BAA202289FE4E008043EF /* Main.storyboard in Resources */,
			);
			runOnlyForDeploymentPostprocessing = 0;
		};
/* End PBXResourcesBuildPhase section */

/* Begin PBXSourcesBuildPhase section */
		CA8BAA132289FE4E008043EF /* Sources */ = {
			isa = PBXSourcesBuildPhase;
			buildActionMask = 2147483647;
			files = (
				CA8BAA1B2289FE4E008043EF /* AppDelegate.swift in Sources */,
				CA8BAA34228A08EE008043EF /* PostsTableViewController.swift in Sources */,
				CA8BAA2E2289FF60008043EF /* Post.swift in Sources */,
				CA8BAA302289FFE3008043EF /* PostController.swift in Sources */,
				CA8BAA37228A11D3008043EF /* DateFormatter.swift in Sources */,
			);
			runOnlyForDeploymentPostprocessing = 0;
		};
/* End PBXSourcesBuildPhase section */

/* Begin PBXVariantGroup section */
		CA8BAA1E2289FE4E008043EF /* Main.storyboard */ = {
			isa = PBXVariantGroup;
			children = (
				CA8BAA1F2289FE4E008043EF /* Base */,
			);
			name = Main.storyboard;
			sourceTree = "<group>";
		};
		CA8BAA232289FE4F008043EF /* LaunchScreen.storyboard */ = {
			isa = PBXVariantGroup;
			children = (
				CA8BAA242289FE4F008043EF /* Base */,
			);
			name = LaunchScreen.storyboard;
			sourceTree = "<group>";
		};
/* End PBXVariantGroup section */

/* Begin XCBuildConfiguration section */
		CA8BAA272289FE4F008043EF /* Debug */ = {
			isa = XCBuildConfiguration;
			buildSettings = {
				ALWAYS_SEARCH_USER_PATHS = NO;
				CLANG_ANALYZER_NONNULL = YES;
				CLANG_ANALYZER_NUMBER_OBJECT_CONVERSION = YES_AGGRESSIVE;
				CLANG_CXX_LANGUAGE_STANDARD = "gnu++14";
				CLANG_CXX_LIBRARY = "libc++";
				CLANG_ENABLE_MODULES = YES;
				CLANG_ENABLE_OBJC_ARC = YES;
				CLANG_ENABLE_OBJC_WEAK = YES;
				CLANG_WARN_BLOCK_CAPTURE_AUTORELEASING = YES;
				CLANG_WARN_BOOL_CONVERSION = YES;
				CLANG_WARN_COMMA = YES;
				CLANG_WARN_CONSTANT_CONVERSION = YES;
				CLANG_WARN_DEPRECATED_OBJC_IMPLEMENTATIONS = YES;
				CLANG_WARN_DIRECT_OBJC_ISA_USAGE = YES_ERROR;
				CLANG_WARN_DOCUMENTATION_COMMENTS = YES;
				CLANG_WARN_EMPTY_BODY = YES;
				CLANG_WARN_ENUM_CONVERSION = YES;
				CLANG_WARN_INFINITE_RECURSION = YES;
				CLANG_WARN_INT_CONVERSION = YES;
				CLANG_WARN_NON_LITERAL_NULL_CONVERSION = YES;
				CLANG_WARN_OBJC_IMPLICIT_RETAIN_SELF = YES;
				CLANG_WARN_OBJC_LITERAL_CONVERSION = YES;
				CLANG_WARN_OBJC_ROOT_CLASS = YES_ERROR;
				CLANG_WARN_RANGE_LOOP_ANALYSIS = YES;
				CLANG_WARN_STRICT_PROTOTYPES = YES;
				CLANG_WARN_SUSPICIOUS_MOVE = YES;
				CLANG_WARN_UNGUARDED_AVAILABILITY = YES_AGGRESSIVE;
				CLANG_WARN_UNREACHABLE_CODE = YES;
				CLANG_WARN__DUPLICATE_METHOD_MATCH = YES;
				CODE_SIGN_IDENTITY = "iPhone Developer";
				COPY_PHASE_STRIP = NO;
				DEBUG_INFORMATION_FORMAT = dwarf;
				ENABLE_STRICT_OBJC_MSGSEND = YES;
				ENABLE_TESTABILITY = YES;
				GCC_C_LANGUAGE_STANDARD = gnu11;
				GCC_DYNAMIC_NO_PIC = NO;
				GCC_NO_COMMON_BLOCKS = YES;
				GCC_OPTIMIZATION_LEVEL = 0;
				GCC_PREPROCESSOR_DEFINITIONS = (
					"DEBUG=1",
					"$(inherited)",
				);
				GCC_WARN_64_TO_32_BIT_CONVERSION = YES;
				GCC_WARN_ABOUT_RETURN_TYPE = YES_ERROR;
				GCC_WARN_UNDECLARED_SELECTOR = YES;
				GCC_WARN_UNINITIALIZED_AUTOS = YES_AGGRESSIVE;
				GCC_WARN_UNUSED_FUNCTION = YES;
				GCC_WARN_UNUSED_VARIABLE = YES;
				IPHONEOS_DEPLOYMENT_TARGET = 12.2;
				MTL_ENABLE_DEBUG_INFO = INCLUDE_SOURCE;
				MTL_FAST_MATH = YES;
				ONLY_ACTIVE_ARCH = YES;
				SDKROOT = iphoneos;
				SWIFT_ACTIVE_COMPILATION_CONDITIONS = DEBUG;
				SWIFT_OPTIMIZATION_LEVEL = "-Onone";
			};
			name = Debug;
		};
		CA8BAA282289FE4F008043EF /* Release */ = {
			isa = XCBuildConfiguration;
			buildSettings = {
				ALWAYS_SEARCH_USER_PATHS = NO;
				CLANG_ANALYZER_NONNULL = YES;
				CLANG_ANALYZER_NUMBER_OBJECT_CONVERSION = YES_AGGRESSIVE;
				CLANG_CXX_LANGUAGE_STANDARD = "gnu++14";
				CLANG_CXX_LIBRARY = "libc++";
				CLANG_ENABLE_MODULES = YES;
				CLANG_ENABLE_OBJC_ARC = YES;
				CLANG_ENABLE_OBJC_WEAK = YES;
				CLANG_WARN_BLOCK_CAPTURE_AUTORELEASING = YES;
				CLANG_WARN_BOOL_CONVERSION = YES;
				CLANG_WARN_COMMA = YES;
				CLANG_WARN_CONSTANT_CONVERSION = YES;
				CLANG_WARN_DEPRECATED_OBJC_IMPLEMENTATIONS = YES;
				CLANG_WARN_DIRECT_OBJC_ISA_USAGE = YES_ERROR;
				CLANG_WARN_DOCUMENTATION_COMMENTS = YES;
				CLANG_WARN_EMPTY_BODY = YES;
				CLANG_WARN_ENUM_CONVERSION = YES;
				CLANG_WARN_INFINITE_RECURSION = YES;
				CLANG_WARN_INT_CONVERSION = YES;
				CLANG_WARN_NON_LITERAL_NULL_CONVERSION = YES;
				CLANG_WARN_OBJC_IMPLICIT_RETAIN_SELF = YES;
				CLANG_WARN_OBJC_LITERAL_CONVERSION = YES;
				CLANG_WARN_OBJC_ROOT_CLASS = YES_ERROR;
				CLANG_WARN_RANGE_LOOP_ANALYSIS = YES;
				CLANG_WARN_STRICT_PROTOTYPES = YES;
				CLANG_WARN_SUSPICIOUS_MOVE = YES;
				CLANG_WARN_UNGUARDED_AVAILABILITY = YES_AGGRESSIVE;
				CLANG_WARN_UNREACHABLE_CODE = YES;
				CLANG_WARN__DUPLICATE_METHOD_MATCH = YES;
				CODE_SIGN_IDENTITY = "iPhone Developer";
				COPY_PHASE_STRIP = NO;
				DEBUG_INFORMATION_FORMAT = "dwarf-with-dsym";
				ENABLE_NS_ASSERTIONS = NO;
				ENABLE_STRICT_OBJC_MSGSEND = YES;
				GCC_C_LANGUAGE_STANDARD = gnu11;
				GCC_NO_COMMON_BLOCKS = YES;
				GCC_WARN_64_TO_32_BIT_CONVERSION = YES;
				GCC_WARN_ABOUT_RETURN_TYPE = YES_ERROR;
				GCC_WARN_UNDECLARED_SELECTOR = YES;
				GCC_WARN_UNINITIALIZED_AUTOS = YES_AGGRESSIVE;
				GCC_WARN_UNUSED_FUNCTION = YES;
				GCC_WARN_UNUSED_VARIABLE = YES;
				IPHONEOS_DEPLOYMENT_TARGET = 12.2;
				MTL_ENABLE_DEBUG_INFO = NO;
				MTL_FAST_MATH = YES;
				SDKROOT = iphoneos;
				SWIFT_COMPILATION_MODE = wholemodule;
				SWIFT_OPTIMIZATION_LEVEL = "-O";
				VALIDATE_PRODUCT = YES;
			};
			name = Release;
		};
		CA8BAA2A2289FE4F008043EF /* Debug */ = {
			isa = XCBuildConfiguration;
			buildSettings = {
				ASSETCATALOG_COMPILER_APPICON_NAME = AppIcon;
				CODE_SIGN_STYLE = Automatic;
				INFOPLIST_FILE = "$(SRCROOT)/Post/Resources/Info.plist";
				LD_RUNPATH_SEARCH_PATHS = (
					"$(inherited)",
					"@executable_path/Frameworks",
				);
				PRODUCT_BUNDLE_IDENTIFIER = com.rabbitholefashion.Post;
				PRODUCT_NAME = "$(TARGET_NAME)";
				SWIFT_VERSION = 5.0;
				TARGETED_DEVICE_FAMILY = "1,2";
			};
			name = Debug;
		};
		CA8BAA2B2289FE4F008043EF /* Release */ = {
			isa = XCBuildConfiguration;
			buildSettings = {
				ASSETCATALOG_COMPILER_APPICON_NAME = AppIcon;
				CODE_SIGN_STYLE = Automatic;
				INFOPLIST_FILE = "$(SRCROOT)/Post/Resources/Info.plist";
				LD_RUNPATH_SEARCH_PATHS = (
					"$(inherited)",
					"@executable_path/Frameworks",
				);
				PRODUCT_BUNDLE_IDENTIFIER = com.rabbitholefashion.Post;
				PRODUCT_NAME = "$(TARGET_NAME)";
				SWIFT_VERSION = 5.0;
				TARGETED_DEVICE_FAMILY = "1,2";
			};
			name = Release;
		};
/* End XCBuildConfiguration section */

/* Begin XCConfigurationList section */
		CA8BAA122289FE4E008043EF /* Build configuration list for PBXProject "Post" */ = {
			isa = XCConfigurationList;
			buildConfigurations = (
				CA8BAA272289FE4F008043EF /* Debug */,
				CA8BAA282289FE4F008043EF /* Release */,
			);
			defaultConfigurationIsVisible = 0;
			defaultConfigurationName = Release;
		};
		CA8BAA292289FE4F008043EF /* Build configuration list for PBXNativeTarget "Post" */ = {
			isa = XCConfigurationList;
			buildConfigurations = (
				CA8BAA2A2289FE4F008043EF /* Debug */,
				CA8BAA2B2289FE4F008043EF /* Release */,
			);
			defaultConfigurationIsVisible = 0;
			defaultConfigurationName = Release;
		};
/* End XCConfigurationList section */
	};
	rootObject = CA8BAA0F2289FE4E008043EF /* Project object */;
}
